
Microsoft Visual Studio Solution File, Format Version 12.00
# Visual Studio Version 17
VisualStudioVersion = 17.5.33424.131
MinimumVisualStudioVersion = 10.0.40219.1
Project("{FAE04EC0-301F-11D3-BF4B-00C04F79EFBC}") = "checkListBox", "checkListBox\checkListBox.csproj", "{304459E1-AAB4-4908-871F-665512C19C42}"
EndProject
Global
	GlobalSection(SolutionConfigurationPlatforms) = preSolution
		Debug|Any CPU = Debug|Any CPU
		Release|Any CPU = Release|Any CPU
	EndGlobalSection
	GlobalSection(ProjectConfigurationPlatforms) = postSolution
		{304459E1-AAB4-4908-871F-665512C19C42}.Debug|Any CPU.ActiveCfg = Debug|Any CPU
		{304459E1-AAB4-4908-871F-665512C19C42}.Debug|Any CPU.Build.0 = Debug|Any CPU
		{304459E1-AAB4-4908-871F-665512C19C42}.Release|Any CPU.ActiveCfg = Release|Any CPU
		{304459E1-AAB4-4908-871F-665512C19C42}.Release|Any CPU.Build.0 = Release|Any CPU
	EndGlobalSection
	GlobalSection(SolutionProperties) = preSolution
		HideSolutionNode = FALSE
	EndGlobalSection
	GlobalSection(ExtensibilityGlobals) = postSolution
		SolutionGuid = {7F2AD66E-8C04-4CF7-8823-C899E6839F19}
	EndGlobalSection
EndGlobal
