
Microsoft Visual Studio Solution File, Format Version 12.00
# Visual Studio Version 17
VisualStudioVersion = 17.5.33424.131
MinimumVisualStudioVersion = 10.0.40219.1
Project("{FAE04EC0-301F-11D3-BF4B-00C04F79EFBC}") = "Screen saver app", "Screen saver app\Screen saver app.csproj", "{8A3346A5-1AA3-40E8-A4C7-65FFB9D6D9A7}"
EndProject
Global
	GlobalSection(SolutionConfigurationPlatforms) = preSolution
		Debug|Any CPU = Debug|Any CPU
		Release|Any CPU = Release|Any CPU
	EndGlobalSection
	GlobalSection(ProjectConfigurationPlatforms) = postSolution
		{8A3346A5-1AA3-40E8-A4C7-65FFB9D6D9A7}.Debug|Any CPU.ActiveCfg = Debug|Any CPU
		{8A3346A5-1AA3-40E8-A4C7-65FFB9D6D9A7}.Debug|Any CPU.Build.0 = Debug|Any CPU
		{8A3346A5-1AA3-40E8-A4C7-65FFB9D6D9A7}.Release|Any CPU.ActiveCfg = Release|Any CPU
		{8A3346A5-1AA3-40E8-A4C7-65FFB9D6D9A7}.Release|Any CPU.Build.0 = Release|Any CPU
	EndGlobalSection
	GlobalSection(SolutionProperties) = preSolution
		HideSolutionNode = FALSE
	EndGlobalSection
	GlobalSection(ExtensibilityGlobals) = postSolution
		SolutionGuid = {FE818BB4-B124-4F99-B90F-0CE1BCA8721B}
	EndGlobalSection
EndGlobal
