
Microsoft Visual Studio Solution File, Format Version 12.00
# Visual Studio Version 17
VisualStudioVersion = 17.5.33424.131
MinimumVisualStudioVersion = 10.0.40219.1
Project("{FAE04EC0-301F-11D3-BF4B-00C04F79EFBC}") = "operators", "operators\operators.csproj", "{E34A5F1F-FA71-4267-89B6-54892C20705D}"
EndProject
Global
	GlobalSection(SolutionConfigurationPlatforms) = preSolution
		Debug|Any CPU = Debug|Any CPU
		Release|Any CPU = Release|Any CPU
	EndGlobalSection
	GlobalSection(ProjectConfigurationPlatforms) = postSolution
		{E34A5F1F-FA71-4267-89B6-54892C20705D}.Debug|Any CPU.ActiveCfg = Debug|Any CPU
		{E34A5F1F-FA71-4267-89B6-54892C20705D}.Debug|Any CPU.Build.0 = Debug|Any CPU
		{E34A5F1F-FA71-4267-89B6-54892C20705D}.Release|Any CPU.ActiveCfg = Release|Any CPU
		{E34A5F1F-FA71-4267-89B6-54892C20705D}.Release|Any CPU.Build.0 = Release|Any CPU
	EndGlobalSection
	GlobalSection(SolutionProperties) = preSolution
		HideSolutionNode = FALSE
	EndGlobalSection
	GlobalSection(ExtensibilityGlobals) = postSolution
		SolutionGuid = {498898A9-F662-4876-B87C-6D1303E614AF}
	EndGlobalSection
EndGlobal
