
Microsoft Visual Studio Solution File, Format Version 12.00
# Visual Studio Version 17
VisualStudioVersion = 17.5.33424.131
MinimumVisualStudioVersion = 10.0.40219.1
Project("{FAE04EC0-301F-11D3-BF4B-00C04F79EFBC}") = "Image List Box", "Image List Box\Image List Box.csproj", "{38ABC21D-1D96-48D1-AAC3-B29C0137CB06}"
EndProject
Global
	GlobalSection(SolutionConfigurationPlatforms) = preSolution
		Debug|Any CPU = Debug|Any CPU
		Release|Any CPU = Release|Any CPU
	EndGlobalSection
	GlobalSection(ProjectConfigurationPlatforms) = postSolution
		{38ABC21D-1D96-48D1-AAC3-B29C0137CB06}.Debug|Any CPU.ActiveCfg = Debug|Any CPU
		{38ABC21D-1D96-48D1-AAC3-B29C0137CB06}.Debug|Any CPU.Build.0 = Debug|Any CPU
		{38ABC21D-1D96-48D1-AAC3-B29C0137CB06}.Release|Any CPU.ActiveCfg = Release|Any CPU
		{38ABC21D-1D96-48D1-AAC3-B29C0137CB06}.Release|Any CPU.Build.0 = Release|Any CPU
	EndGlobalSection
	GlobalSection(SolutionProperties) = preSolution
		HideSolutionNode = FALSE
	EndGlobalSection
	GlobalSection(ExtensibilityGlobals) = postSolution
		SolutionGuid = {1EAB18FA-9C38-4CB4-84EA-6B5AC6D98AB2}
	EndGlobalSection
EndGlobal
