
Microsoft Visual Studio Solution File, Format Version 12.00
# Visual Studio Version 17
VisualStudioVersion = 17.5.33424.131
MinimumVisualStudioVersion = 10.0.40219.1
Project("{FAE04EC0-301F-11D3-BF4B-00C04F79EFBC}") = "CBS Management Assignmt", "CBS Management Assignmt\CBS Management Assignmt.csproj", "{53337CA3-E192-4FEB-8C9A-10313A73E6CA}"
EndProject
Global
	GlobalSection(SolutionConfigurationPlatforms) = preSolution
		Debug|Any CPU = Debug|Any CPU
		Release|Any CPU = Release|Any CPU
	EndGlobalSection
	GlobalSection(ProjectConfigurationPlatforms) = postSolution
		{53337CA3-E192-4FEB-8C9A-10313A73E6CA}.Debug|Any CPU.ActiveCfg = Debug|Any CPU
		{53337CA3-E192-4FEB-8C9A-10313A73E6CA}.Debug|Any CPU.Build.0 = Debug|Any CPU
		{53337CA3-E192-4FEB-8C9A-10313A73E6CA}.Release|Any CPU.ActiveCfg = Release|Any CPU
		{53337CA3-E192-4FEB-8C9A-10313A73E6CA}.Release|Any CPU.Build.0 = Release|Any CPU
	EndGlobalSection
	GlobalSection(SolutionProperties) = preSolution
		HideSolutionNode = FALSE
	EndGlobalSection
	GlobalSection(ExtensibilityGlobals) = postSolution
		SolutionGuid = {941448AB-516F-4858-BBB7-B85A35A61142}
	EndGlobalSection
EndGlobal
